
Microsoft Visual Studio Solution File, Format Version 12.00
# Visual Studio Version 17
VisualStudioVersion = 17.14.36414.22 d17.14
MinimumVisualStudioVersion = 10.0.40219.1
Project("{FAE04EC0-301F-11D3-BF4B-00C04F79EFBC}") = "Nhom12_PhanMemQuanLyQuanCafe", "Nhom12_PhanMemQuanLyQuanCafe.csproj", "{ACD54BD1-24A9-4FB1-85EE-FA9030141C14}"
EndProject
Global
	GlobalSection(SolutionConfigurationPlatforms) = preSolution
		Debug|Any CPU = Debug|Any CPU
		Release|Any CPU = Release|Any CPU
	EndGlobalSection
	GlobalSection(ProjectConfigurationPlatforms) = postSolution
		{ACD54BD1-24A9-4FB1-85EE-FA9030141C14}.Debug|Any CPU.ActiveCfg = Debug|Any CPU
		{ACD54BD1-24A9-4FB1-85EE-FA9030141C14}.Debug|Any CPU.Build.0 = Debug|Any CPU
		{ACD54BD1-24A9-4FB1-85EE-FA9030141C14}.Release|Any CPU.ActiveCfg = Release|Any CPU
		{ACD54BD1-24A9-4FB1-85EE-FA9030141C14}.Release|Any CPU.Build.0 = Release|Any CPU
	EndGlobalSection
	GlobalSection(SolutionProperties) = preSolution
		HideSolutionNode = FALSE
	EndGlobalSection
	GlobalSection(ExtensibilityGlobals) = postSolution
		SolutionGuid = {A9633F1A-A205-469E-B162-3B489F45F99C}
	EndGlobalSection
EndGlobal
